
Microsoft Visual Studio Solution File, Format Version 12.00
# Visual Studio Version 16
VisualStudioVersion = 16.0.31702.278
MinimumVisualStudioVersion = 10.0.40219.1
Project("{8BC9CEB8-8B4A-11D0-8D11-00A0C91BC942}") = "ConcentricLines", "ConcentricLines.vcxproj", "{FD13D46B-33E5-4489-9F26-CC3105A9502C}"
EndProject
Global
	GlobalSection(SolutionConfigurationPlatforms) = preSolution
		Debug|x64 = Debug|x64
		Debug|x86 = Debug|x86
		Release|x64 = Release|x64
		Release|x86 = Release|x86
	EndGlobalSection
	GlobalSection(ProjectConfigurationPlatforms) = postSolution
		{FD13D46B-33E5-4489-9F26-CC3105A9502C}.Debug|x64.ActiveCfg = Debug|x64
		{FD13D46B-33E5-4489-9F26-CC3105A9502C}.Debug|x64.Build.0 = Debug|x64
		{FD13D46B-33E5-4489-9F26-CC3105A9502C}.Debug|x86.ActiveCfg = Debug|Win32
		{FD13D46B-33E5-4489-9F26-CC3105A9502C}.Debug|x86.Build.0 = Debug|Win32
		{FD13D46B-33E5-4489-9F26-CC3105A9502C}.Release|x64.ActiveCfg = Release|x64
		{FD13D46B-33E5-4489-9F26-CC3105A9502C}.Release|x64.Build.0 = Release|x64
		{FD13D46B-33E5-4489-9F26-CC3105A9502C}.Release|x86.ActiveCfg = Release|Win32
		{FD13D46B-33E5-4489-9F26-CC3105A9502C}.Release|x86.Build.0 = Release|Win32
	EndGlobalSection
	GlobalSection(SolutionProperties) = preSolution
		HideSolutionNode = FALSE
	EndGlobalSection
	GlobalSection(ExtensibilityGlobals) = postSolution
		SolutionGuid = {CE20FF74-57AB-49B2-BCE0-4C2182AD1818}
	EndGlobalSection
EndGlobal
