<?xml version="1.0" encoding="utf-8"?>
<Project ToolsVersion="4.0" xmlns="http://schemas.microsoft.com/developer/msbuild/2003">
  <ItemGroup>
    <Filter Include="Resource Files">
      <UniqueIdentifier>{67DA6AB6-F800-4c08-8B7A-83BB121AAD01}</UniqueIdentifier>
      <Extensions>rc;ico;cur;bmp;dlg;rc2;rct;bin;rgs;gif;jpg;jpeg;jpe;resx;tiff;tif;png;wav;mfcribbon-ms</Extensions>
    </Filter>
    <Filter Include="Framework Files">
      <UniqueIdentifier>{93995380-89BD-4b04-88EB-625FBE52EBFB}</UniqueIdentifier>
      <Extensions>h;hh;hpp;hxx;h++;hm;inl;inc;ipp;xsd</Extensions>
    </Filter>
    <Filter Include="Game Files">
      <UniqueIdentifier>{4FC737F1-C7A5-4376-A066-2A32D752A2FF}</UniqueIdentifier>
      <Extensions>cpp;c;cc;cxx;c++;cppm;ixx;def;odl;idl;hpj;bat;asm;asmx</Extensions>
    </Filter>
  </ItemGroup>
  <ItemGroup>
    <ClCompile Include="Core.cpp">
      <Filter>Framework Files</Filter>
    </ClCompile>
    <ClCompile Include="main.cpp">
      <Filter>Framework Files</Filter>
    </ClCompile>
    <ClCompile Include="pch.cpp">
      <Filter>Framework Files</Filter>
    </ClCompile>
    <ClCompile Include="structs.cpp">
      <Filter>Framework Files</Filter>
    </ClCompile>
    <ClCompile Include="utils.cpp">
      <Filter>Framework Files</Filter>
    </ClCompile>
    <ClCompile Include="Game.cpp">
      <Filter>Game Files</Filter>
    </ClCompile>
  </ItemGroup>
  <ItemGroup>
    <ClInclude Include="pch.h">
      <Filter>Framework Files</Filter>
    </ClInclude>
    <ClInclude Include="Core.h">
      <Filter>Framework Files</Filter>
    </ClInclude>
    <ClInclude Include="structs.h">
      <Filter>Framework Files</Filter>
    </ClInclude>
    <ClInclude Include="utils.h">
      <Filter>Framework Files</Filter>
    </ClInclude>
    <ClInclude Include="Game.h">
      <Filter>Game Files</Filter>
    </ClInclude>
  </ItemGroup>
  <ItemGroup>
    <Image Include="Resources\Cards\101.png">
      <Filter>Resource Files</Filter>
    </Image>
    <Image Include="Resources\Cards\102.png">
      <Filter>Resource Files</Filter>
    </Image>
    <Image Include="Resources\Cards\103.png">
      <Filter>Resource Files</Filter>
    </Image>
    <Image Include="Resources\Cards\104.png">
      <Filter>Resource Files</Filter>
    </Image>
    <Image Include="Resources\Cards\105.png">
      <Filter>Resource Files</Filter>
    </Image>
    <Image Include="Resources\Cards\106.png">
      <Filter>Resource Files</Filter>
    </Image>
    <Image Include="Resources\Cards\107.png">
      <Filter>Resource Files</Filter>
    </Image>
    <Image Include="Resources\Cards\108.png">
      <Filter>Resource Files</Filter>
    </Image>
    <Image Include="Resources\Cards\109.png">
      <Filter>Resource Files</Filter>
    </Image>
    <Image Include="Resources\Cards\110.png">
      <Filter>Resource Files</Filter>
    </Image>
    <Image Include="Resources\Cards\111.png">
      <Filter>Resource Files</Filter>
    </Image>
    <Image Include="Resources\Cards\112.png">
      <Filter>Resource Files</Filter>
    </Image>
    <Image Include="Resources\Cards\113.png">
      <Filter>Resource Files</Filter>
    </Image>
    <Image Include="Resources\Cards\201.png">
      <Filter>Resource Files</Filter>
    </Image>
    <Image Include="Resources\Cards\202.png">
      <Filter>Resource Files</Filter>
    </Image>
    <Image Include="Resources\Cards\203.png">
      <Filter>Resource Files</Filter>
    </Image>
    <Image Include="Resources\Cards\204.png">
      <Filter>Resource Files</Filter>
    </Image>
    <Image Include="Resources\Cards\205.png">
      <Filter>Resource Files</Filter>
    </Image>
    <Image Include="Resources\Cards\206.png">
      <Filter>Resource Files</Filter>
    </Image>
    <Image Include="Resources\Cards\207.png">
      <Filter>Resource Files</Filter>
    </Image>
    <Image Include="Resources\Cards\208.png">
      <Filter>Resource Files</Filter>
    </Image>
    <Image Include="Resources\Cards\209.png">
      <Filter>Resource Files</Filter>
    </Image>
    <Image Include="Resources\Cards\210.png">
      <Filter>Resource Files</Filter>
    </Image>
    <Image Include="Resources\Cards\211.png">
      <Filter>Resource Files</Filter>
    </Image>
    <Image Include="Resources\Cards\212.png">
      <Filter>Resource Files</Filter>
    </Image>
    <Image Include="Resources\Cards\213.png">
      <Filter>Resource Files</Filter>
    </Image>
    <Image Include="Resources\Cards\301.png">
      <Filter>Resource Files</Filter>
    </Image>
    <Image Include="Resources\Cards\302.png">
      <Filter>Resource Files</Filter>
    </Image>
    <Image Include="Resources\Cards\303.png">
      <Filter>Resource Files</Filter>
    </Image>
    <Image Include="Resources\Cards\304.png">
      <Filter>Resource Files</Filter>
    </Image>
    <Image Include="Resources\Cards\305.png">
      <Filter>Resource Files</Filter>
    </Image>
    <Image Include="Resources\Cards\306.png">
      <Filter>Resource Files</Filter>
    </Image>
    <Image Include="Resources\Cards\307.png">
      <Filter>Resource Files</Filter>
    </Image>
    <Image Include="Resources\Cards\308.png">
      <Filter>Resource Files</Filter>
    </Image>
    <Image Include="Resources\Cards\309.png">
      <Filter>Resource Files</Filter>
    </Image>
    <Image Include="Resources\Cards\310.png">
      <Filter>Resource Files</Filter>
    </Image>
    <Image Include="Resources\Cards\311.png">
      <Filter>Resource Files</Filter>
    </Image>
    <Image Include="Resources\Cards\312.png">
      <Filter>Resource Files</Filter>
    </Image>
    <Image Include="Resources\Cards\313.png">
      <Filter>Resource Files</Filter>
    </Image>
    <Image Include="Resources\Cards\401.png">
      <Filter>Resource Files</Filter>
    </Image>
    <Image Include="Resources\Cards\402.png">
      <Filter>Resource Files</Filter>
    </Image>
    <Image Include="Resources\Cards\403.png">
      <Filter>Resource Files</Filter>
    </Image>
    <Image Include="Resources\Cards\404.png">
      <Filter>Resource Files</Filter>
    </Image>
    <Image Include="Resources\Cards\405.png">
      <Filter>Resource Files</Filter>
    </Image>
    <Image Include="Resources\Cards\406.png">
      <Filter>Resource Files</Filter>
    </Image>
    <Image Include="Resources\Cards\407.png">
      <Filter>Resource Files</Filter>
    </Image>
    <Image Include="Resources\Cards\408.png">
      <Filter>Resource Files</Filter>
    </Image>
    <Image Include="Resources\Cards\409.png">
      <Filter>Resource Files</Filter>
    </Image>
    <Image Include="Resources\Cards\410.png">
      <Filter>Resource Files</Filter>
    </Image>
    <Image Include="Resources\Cards\411.png">
      <Filter>Resource Files</Filter>
    </Image>
    <Image Include="Resources\Cards\412.png">
      <Filter>Resource Files</Filter>
    </Image>
    <Image Include="Resources\Cards\413.png">
      <Filter>Resource Files</Filter>
    </Image>
  </ItemGroup>
  <ItemGroup>
    <Text Include="Resources\Cards\license.txt" />
    <Text Include="Resources\Cards\thanks.txt" />
  </ItemGroup>
</Project>