
Microsoft Visual Studio Solution File, Format Version 12.00
# Visual Studio Version 16
VisualStudioVersion = 16.0.31702.278
MinimumVisualStudioVersion = 10.0.40219.1
Project("{8BC9CEB8-8B4A-11D0-8D11-00A0C91BC942}") = "StringBasics", "StringBasics.vcxproj", "{30695CFC-6E5B-41EC-A994-8016903C95C6}"
EndProject
Global
	GlobalSection(SolutionConfigurationPlatforms) = preSolution
		Debug|x64 = Debug|x64
		Debug|x86 = Debug|x86
		Release|x64 = Release|x64
		Release|x86 = Release|x86
	EndGlobalSection
	GlobalSection(ProjectConfigurationPlatforms) = postSolution
		{30695CFC-6E5B-41EC-A994-8016903C95C6}.Debug|x64.ActiveCfg = Debug|x64
		{30695CFC-6E5B-41EC-A994-8016903C95C6}.Debug|x64.Build.0 = Debug|x64
		{30695CFC-6E5B-41EC-A994-8016903C95C6}.Debug|x86.ActiveCfg = Debug|Win32
		{30695CFC-6E5B-41EC-A994-8016903C95C6}.Debug|x86.Build.0 = Debug|Win32
		{30695CFC-6E5B-41EC-A994-8016903C95C6}.Release|x64.ActiveCfg = Release|x64
		{30695CFC-6E5B-41EC-A994-8016903C95C6}.Release|x64.Build.0 = Release|x64
		{30695CFC-6E5B-41EC-A994-8016903C95C6}.Release|x86.ActiveCfg = Release|Win32
		{30695CFC-6E5B-41EC-A994-8016903C95C6}.Release|x86.Build.0 = Release|Win32
	EndGlobalSection
	GlobalSection(SolutionProperties) = preSolution
		HideSolutionNode = FALSE
	EndGlobalSection
	GlobalSection(ExtensibilityGlobals) = postSolution
		SolutionGuid = {0D1E5FFF-C6E4-49C3-B02D-4EB2DD43E8A6}
	EndGlobalSection
EndGlobal
