
Microsoft Visual Studio Solution File, Format Version 12.00
# Visual Studio Version 16
VisualStudioVersion = 16.0.31702.278
MinimumVisualStudioVersion = 10.0.40219.1
Project("{8BC9CEB8-8B4A-11D0-8D11-00A0C91BC942}") = "Variables", "Variables.vcxproj", "{C8ACB551-F0E6-4372-9806-361B3808F66B}"
EndProject
Global
	GlobalSection(SolutionConfigurationPlatforms) = preSolution
		Debug|x64 = Debug|x64
		Debug|x86 = Debug|x86
		Release|x64 = Release|x64
		Release|x86 = Release|x86
	EndGlobalSection
	GlobalSection(ProjectConfigurationPlatforms) = postSolution
		{C8ACB551-F0E6-4372-9806-361B3808F66B}.Debug|x64.ActiveCfg = Debug|x64
		{C8ACB551-F0E6-4372-9806-361B3808F66B}.Debug|x64.Build.0 = Debug|x64
		{C8ACB551-F0E6-4372-9806-361B3808F66B}.Debug|x86.ActiveCfg = Debug|Win32
		{C8ACB551-F0E6-4372-9806-361B3808F66B}.Debug|x86.Build.0 = Debug|Win32
		{C8ACB551-F0E6-4372-9806-361B3808F66B}.Release|x64.ActiveCfg = Release|x64
		{C8ACB551-F0E6-4372-9806-361B3808F66B}.Release|x64.Build.0 = Release|x64
		{C8ACB551-F0E6-4372-9806-361B3808F66B}.Release|x86.ActiveCfg = Release|Win32
		{C8ACB551-F0E6-4372-9806-361B3808F66B}.Release|x86.Build.0 = Release|Win32
	EndGlobalSection
	GlobalSection(SolutionProperties) = preSolution
		HideSolutionNode = FALSE
	EndGlobalSection
	GlobalSection(ExtensibilityGlobals) = postSolution
		SolutionGuid = {1A4FDBE5-4992-418E-BFD7-901C533662D2}
	EndGlobalSection
EndGlobal
